{
  "lockfileVersion": 1,
  "configVersion": 1,
  "workspaces": {
    "": {
      "name": "proton-cli",
      "dependencies": {
        "@proton-cli/authenticator": "workspace:*",
        "@proton-cli/core": "workspace:*",
        "@proton-cli/vpn": "workspace:*",
        "commander": "^14.0.0",
      },
      "devDependencies": {
        "@types/bun": "latest",
        "@types/react": "^19.2.17",
        "typescript": "^5.9.3",
      },
    },
    "packages/authenticator": {
      "name": "@proton-cli/authenticator",
      "version": "0.1.0",
      "dependencies": {
        "@proton-cli/core": "workspace:*",
        "commander": "^14.0.0",
      },
    },
    "packages/core": {
      "name": "@proton-cli/core",
      "version": "0.1.0",
    },
    "packages/vpn": {
      "name": "@proton-cli/vpn",
      "version": "0.1.0",
      "dependencies": {
        "@proton-cli/core": "workspace:*",
        "commander": "^14.0.0",
      },
    },
  },
  "packages": {
    "@proton-cli/authenticator": ["@proton-cli/authenticator@workspace:packages/authenticator"],

    "@proton-cli/core": ["@proton-cli/core@workspace:packages/core"],

    "@proton-cli/vpn": ["@proton-cli/vpn@workspace:packages/vpn"],

    "@types/bun": ["@types/bun@1.3.14", "", { "dependencies": { "bun-types": "1.3.14" } }, "sha512-h1hFqFVcvAvD9j9K7ZW7vd82aSA+rTdznZa+5bwvCwqSB1jmmfLcbIWhOLx1/+boy/xmjgCs/OMUL8hRJSmnPw=="],

    "@types/node": ["@types/node@26.1.1", "", { "dependencies": { "undici-types": "~8.3.0" } }, "sha512-nxAkRSVkN1Y0JC1W8ky/fTfkGsMmcrRsbx+3XoZE+rMOX71kLYTV7fLXpqud1GpbpP5TuffXFqfX7fH2GgZREw=="],

    "@types/react": ["@types/react@19.2.17", "", { "dependencies": { "csstype": "^3.2.2" } }, "sha512-MXfmqaVPEVgkBT/aY0aGCkRWWtByiYQXo3xdQ8r5RzuFrPiRn8Gar2tQdXSUQ2GKV3bkXckek89V8wQBY2Q/Aw=="],

    "bun-types": ["bun-types@1.3.14", "", { "dependencies": { "@types/node": "*" } }, "sha512-4N0ig0fEomHt5R0KCFWjovxow98rIoRwKolrYdCcknNwMekCXRnWEUvgu5soYV8QXtVsrUD8B95MBOZGPvr6KQ=="],

    "commander": ["commander@14.0.3", "", {}, "sha512-H+y0Jo/T1RZ9qPP4Eh1pkcQcLRglraJaSLoyOtHxu6AapkjWVCy2Sit1QQ4x3Dng8qDlSsZEet7g5Pq06MvTgw=="],

    "csstype": ["csstype@3.2.3", "", {}, "sha512-z1HGKcYy2xA8AGQfwrn0PAy+PB7X/GSj3UVJW9qKyn43xWa+gl5nXmU4qqLMRzWVLFC8KusUX8T/0kCiOYpAIQ=="],

    "typescript": ["typescript@5.9.3", "", { "bin": { "tsc": "bin/tsc", "tsserver": "bin/tsserver" } }, "sha512-jl1vZzPDinLr9eUt3J/t7V6FgNEw9QjvBPdysz9KfQDD41fQrC2Y4vKQdiaUpFT4bXlb1RHhLpp8wtm6M5TgSw=="],

    "undici-types": ["undici-types@8.3.0", "", {}, "sha512-j375ScV60dom+YkPFIfTLcOiPxkN/buHz5GobjLhixFuANaNs3C9l4GmrWqejgXWJ7BbJcFYpTEUkS1Ge8bpZQ=="],
  }
}
